
Microsoft Visual Studio Solution File, Format Version 12.00
# Visual Studio Version 17
VisualStudioVersion = 17.13.35931.197
MinimumVisualStudioVersion = 10.0.40219.1
Project("{FAE04EC0-301F-11D3-BF4B-00C04F79EFBC}") = "FitPick_EXE201", "FitPick_EXE201\FitPick_EXE201.csproj", "{BB8CEDC7-1820-40E5-8370-AFCB1C72D86B}"
EndProject
Global
	GlobalSection(SolutionConfigurationPlatforms) = preSolution
		Debug|Any CPU = Debug|Any CPU
		Release|Any CPU = Release|Any CPU
	EndGlobalSection
	GlobalSection(ProjectConfigurationPlatforms) = postSolution
		{BB8CEDC7-1820-40E5-8370-AFCB1C72D86B}.Debug|Any CPU.ActiveCfg = Debug|Any CPU
		{BB8CEDC7-1820-40E5-8370-AFCB1C72D86B}.Debug|Any CPU.Build.0 = Debug|Any CPU
		{BB8CEDC7-1820-40E5-8370-AFCB1C72D86B}.Release|Any CPU.ActiveCfg = Release|Any CPU
		{BB8CEDC7-1820-40E5-8370-AFCB1C72D86B}.Release|Any CPU.Build.0 = Release|Any CPU
	EndGlobalSection
	GlobalSection(SolutionProperties) = preSolution
		HideSolutionNode = FALSE
	EndGlobalSection
	GlobalSection(ExtensibilityGlobals) = postSolution
		SolutionGuid = {8B2A5350-D301-446D-8C3E-5F5D5FC619F3}
	EndGlobalSection
EndGlobal
